
Microsoft Visual Studio Solution File, Format Version 12.00
# Visual Studio Version 16
VisualStudioVersion = 16.0.31424.327
MinimumVisualStudioVersion = 10.0.40219.1
Project("{FAE04EC0-301F-11D3-BF4B-00C04F79EFBC}") = "Rent_a_car", "DemoCarRent\Rent_a_car.csproj", "{47D0D079-8361-47A4-81F1-28DCE7805FD4}"
EndProject
Project("{FAE04EC0-301F-11D3-BF4B-00C04F79EFBC}") = "Rent_a_carDAL", "CarRentalLibrary\Rent_a_carDAL.csproj", "{C5104721-0FFC-48FC-9035-3FB5193F18AC}"
EndProject
Project("{FAE04EC0-301F-11D3-BF4B-00C04F79EFBC}") = "Rent_a_carBO", "Rent_a_carBO\Rent_a_carBO.csproj", "{93827287-215E-4D5C-A142-59924CAD44A8}"
EndProject
Project("{FAE04EC0-301F-11D3-BF4B-00C04F79EFBC}") = "Rent_a_carBLL", "Rent\Rent_a_carBLL.csproj", "{AC88834B-C561-4D0C-9610-5A4EFCAF6776}"
EndProject
Global
	GlobalSection(SolutionConfigurationPlatforms) = preSolution
		Debug|Any CPU = Debug|Any CPU
		Release|Any CPU = Release|Any CPU
	EndGlobalSection
	GlobalSection(ProjectConfigurationPlatforms) = postSolution
		{47D0D079-8361-47A4-81F1-28DCE7805FD4}.Debug|Any CPU.ActiveCfg = Debug|Any CPU
		{47D0D079-8361-47A4-81F1-28DCE7805FD4}.Debug|Any CPU.Build.0 = Debug|Any CPU
		{47D0D079-8361-47A4-81F1-28DCE7805FD4}.Release|Any CPU.ActiveCfg = Release|Any CPU
		{47D0D079-8361-47A4-81F1-28DCE7805FD4}.Release|Any CPU.Build.0 = Release|Any CPU
		{C5104721-0FFC-48FC-9035-3FB5193F18AC}.Debug|Any CPU.ActiveCfg = Debug|Any CPU
		{C5104721-0FFC-48FC-9035-3FB5193F18AC}.Debug|Any CPU.Build.0 = Debug|Any CPU
		{C5104721-0FFC-48FC-9035-3FB5193F18AC}.Release|Any CPU.ActiveCfg = Release|Any CPU
		{C5104721-0FFC-48FC-9035-3FB5193F18AC}.Release|Any CPU.Build.0 = Release|Any CPU
		{93827287-215E-4D5C-A142-59924CAD44A8}.Debug|Any CPU.ActiveCfg = Debug|Any CPU
		{93827287-215E-4D5C-A142-59924CAD44A8}.Debug|Any CPU.Build.0 = Debug|Any CPU
		{93827287-215E-4D5C-A142-59924CAD44A8}.Release|Any CPU.ActiveCfg = Release|Any CPU
		{93827287-215E-4D5C-A142-59924CAD44A8}.Release|Any CPU.Build.0 = Release|Any CPU
		{AC88834B-C561-4D0C-9610-5A4EFCAF6776}.Debug|Any CPU.ActiveCfg = Debug|Any CPU
		{AC88834B-C561-4D0C-9610-5A4EFCAF6776}.Debug|Any CPU.Build.0 = Debug|Any CPU
		{AC88834B-C561-4D0C-9610-5A4EFCAF6776}.Release|Any CPU.ActiveCfg = Release|Any CPU
		{AC88834B-C561-4D0C-9610-5A4EFCAF6776}.Release|Any CPU.Build.0 = Release|Any CPU
	EndGlobalSection
	GlobalSection(SolutionProperties) = preSolution
		HideSolutionNode = FALSE
	EndGlobalSection
	GlobalSection(ExtensibilityGlobals) = postSolution
		SolutionGuid = {6967BF53-9656-427C-B770-02062121B242}
	EndGlobalSection
EndGlobal
